<Solution>
  <Folder Name="/Элементы решения/">
    <File Path=".github/workflows/cicd.yml" />
    <File Path=".gitignore" />
    <File Path="CLAUDE.md" />
  </Folder>
  <Project Path="TrackSplitter.API/TrackSplitter.API.csproj" />
  <Project Path="TrackSplitter.BusinessLogic/TrackSplitter.BusinessLogic.csproj" />
  <Project Path="TrackSplitter.DataAccess/TrackSplitter.DataAccess.csproj" />
</Solution>
